// !$*UTF8*$!
{
	archiveVersion = 1;
	classes = {
	};
	objectVersion = 50;
	objects = {

/* Begin PBXBuildFile section */
		03FE907F216602B5006B9099 /* AppDelegate.swift in Sources */ = {isa = PBXBuildFile; fileRef = 03FE907E216602B5006B9099 /* AppDelegate.swift */; };
		03FE9081216602B5006B9099 /* ViewController.swift in Sources */ = {isa = PBXBuildFile; fileRef = 03FE9080216602B5006B9099 /* ViewController.swift */; };
		03FE9084216602B5006B9099 /* Main.storyboard in Resources */ = {isa = PBXBuildFile; fileRef = 03FE9082216602B5006B9099 /* Main.storyboard */; };
		03FE9086216602B6006B9099 /* Assets.xcassets in Resources */ = {isa = PBXBuildFile; fileRef = 03FE9085216602B6006B9099 /* Assets.xcassets */; };
		03FE9089216602B6006B9099 /* LaunchScreen.storyboard in Resources */ = {isa = PBXBuildFile; fileRef = 03FE9087216602B6006B9099 /* LaunchScreen.storyboard */; };
		03FE9094216602B6006B9099 /* LearnCloudUITests.swift in Sources */ = {isa = PBXBuildFile; fileRef = 03FE9093216602B6006B9099 /* LearnCloudUITests.swift */; };
/* End PBXBuildFile section */

/* Begin PBXContainerItemProxy section */
		03FE9090216602B6006B9099 /* PBXContainerItemProxy */ = {
			isa = PBXContainerItemProxy;
			containerPortal = 03FE9073216602B5006B9099 /* Project object */;
			proxyType = 1;
			remoteGlobalIDString = 03FE907A216602B5006B9099;
			remoteInfo = LearnCloud;
		};
/* End PBXContainerItemProxy section */

/* Begin PBXFileReference section */
		03FE907B216602B5006B9099 /* LearnCloud.app */ = {isa = PBXFileReference; explicitFileType = wrapper.application; includeInIndex = 0; path = LearnCloud.app; sourceTree = BUILT_PRODUCTS_DIR; };
		03FE907E216602B5006B9099 /* AppDelegate.swift */ = {isa = PBXFileReference; lastKnownFileType = sourcecode.swift; path = AppDelegate.swift; sourceTree = "<group>"; };
		03FE9080216602B5006B9099 /* ViewController.swift */ = {isa = PBXFileReference; lastKnownFileType = sourcecode.swift; path = ViewController.swift; sourceTree = "<group>"; };
		03FE9083216602B5006B9099 /* Base */ = {isa = PBXFileReference; lastKnownFileType = file.storyboard; name = Base; path = Base.lproj/Main.storyboard; sourceTree = "<group>"; };
		03FE9085216602B6006B9099 /* Assets.xcassets */ = {isa = PBXFileReference; lastKnownFileType = folder.assetcatalog; path = Assets.xcassets; sourceTree = "<group>"; };
		03FE9088216602B6006B9099 /* Base */ = {isa = PBXFileReference; lastKnownFileType = file.storyboard; name = Base; path = Base.lproj/LaunchScreen.storyboard; sourceTree = "<group>"; };
		03FE908A216602B6006B9099 /* Info.plist */ = {isa = PBXFileReference; lastKnownFileType = text.plist.xml; path = Info.plist; sourceTree = "<group>"; };
		03FE908F216602B6006B9099 /* LearnCloudUITests.xctest */ = {isa = PBXFileReference; explicitFileType = wrapper.cfbundle; includeInIndex = 0; path = LearnCloudUITests.xctest; sourceTree = BUILT_PRODUCTS_DIR; };
		03FE9093216602B6006B9099 /* LearnCloudUITests.swift */ = {isa = PBXFileReference; lastKnownFileType = sourcecode.swift; path = LearnCloudUITests.swift; sourceTree = "<group>"; };
		03FE9095216602B6006B9099 /* Info.plist */ = {isa = PBXFileReference; lastKnownFileType = text.plist.xml; path = Info.plist; sourceTree = "<group>"; };
/* End PBXFileReference section */

/* Begin PBXFrameworksBuildPhase section */
		03FE9078216602B5006B9099 /* Frameworks */ = {
			isa = PBXFrameworksBuildPhase;
			buildActionMask = 2147483647;
			files = (
			);
			runOnlyForDeploymentPostprocessing = 0;
		};
		03FE908C216602B6006B9099 /* Frameworks */ = {
			isa = PBXFrameworksBuildPhase;
			buildActionMask = 2147483647;
			files = (
			);
			runOnlyForDeploymentPostprocessing = 0;
		};
/* End PBXFrameworksBuildPhase section */

/* Begin PBXGroup section */
		03FE9072216602B5006B9099 = {
			isa = PBXGroup;
			children = (
				03FE907D216602B5006B9099 /* LearnCloud */,
				03FE9092216602B6006B9099 /* LearnCloudUITests */,
				03FE907C216602B5006B9099 /* Products */,
			);
			sourceTree = "<group>";
		};
		03FE907C216602B5006B9099 /* Products */ = {
			isa = PBXGroup;
			children = (
				03FE907B216602B5006B9099 /* LearnCloud.app */,
				03FE908F216602B6006B9099 /* LearnCloudUITests.xctest */,
			);
			name = Products;
			sourceTree = "<group>";
		};
		03FE907D216602B5006B9099 /* LearnCloud */ = {
			isa = PBXGroup;
			children = (
				03FE907E216602B5006B9099 /* AppDelegate.swift */,
				03FE9080216602B5006B9099 /* ViewController.swift */,
				03FE9082216602B5006B9099 /* Main.storyboard */,
				03FE9085216602B6006B9099 /* Assets.xcassets */,
				03FE9087216602B6006B9099 /* LaunchScreen.storyboard */,
				03FE908A216602B6006B9099 /* Info.plist */,
			);
			path = LearnCloud;
			sourceTree = "<group>";
		};
		03FE9092216602B6006B9099 /* LearnCloudUITests */ = {
			isa = PBXGroup;
			children = (
				03FE9093216602B6006B9099 /* LearnCloudUITests.swift */,
				03FE9095216602B6006B9099 /* Info.plist */,
			);
			path = LearnCloudUITests;
			sourceTree = "<group>";
		};
/* End PBXGroup section */

/* Begin PBXNativeTarget section */
		03FE907A216602B5006B9099 /* LearnCloud */ = {
			isa = PBXNativeTarget;
			buildConfigurationList = 03FE9098216602B6006B9099 /* Build configuration list for PBXNativeTarget "LearnCloud" */;
			buildPhases = (
				03FE9077216602B5006B9099 /* Sources */,
				03FE9078216602B5006B9099 /* Frameworks */,
				03FE9079216602B5006B9099 /* Resources */,
			);
			buildRules = (
			);
			dependencies = (
			);
			name = LearnCloud;
			productName = LearnCloud;
			productReference = 03FE907B216602B5006B9099 /* LearnCloud.app */;
			productType = "com.apple.product-type.application";
		};
		03FE908E216602B6006B9099 /* LearnCloudUITests */ = {
			isa = PBXNativeTarget;
			buildConfigurationList = 03FE909B216602B6006B9099 /* Build configuration list for PBXNativeTarget "LearnCloudUITests" */;
			buildPhases = (
				03FE908B216602B6006B9099 /* Sources */,
				03FE908C216602B6006B9099 /* Frameworks */,
				03FE908D216602B6006B9099 /* Resources */,
			);
			buildRules = (
			);
			dependencies = (
				03FE9091216602B6006B9099 /* PBXTargetDependency */,
			);
			name = LearnCloudUITests;
			productName = LearnCloudUITests;
			productReference = 03FE908F216602B6006B9099 /* LearnCloudUITests.xctest */;
			productType = "com.apple.product-type.bundle.ui-testing";
		};
/* End PBXNativeTarget section */

/* Begin PBXProject section */
		03FE9073216602B5006B9099 /* Project object */ = {
			isa = PBXProject;
			attributes = {
				LastSwiftUpdateCheck = 0940;
				LastUpgradeCheck = 0940;
				TargetAttributes = {
					03FE907A216602B5006B9099 = {
						CreatedOnToolsVersion = 9.4;
					};
					03FE908E216602B6006B9099 = {
						CreatedOnToolsVersion = 9.4;
						TestTargetID = 03FE907A216602B5006B9099;
					};
				};
			};
			buildConfigurationList = 03FE9076216602B5006B9099 /* Build configuration list for PBXProject "LearnCloud" */;
			compatibilityVersion = "Xcode 9.3";
			developmentRegion = en;
			hasScannedForEncodings = 0;
			knownRegions = (
				en,
				Base,
			);
			mainGroup = 03FE9072216602B5006B9099;
			productRefGroup = 03FE907C216602B5006B9099 /* Products */;
			projectDirPath = "";
			projectRoot = "";
			targets = (
				03FE907A216602B5006B9099 /* LearnCloud */,
				03FE908E216602B6006B9099 /* LearnCloudUITests */,
			);
		};
/* End PBXProject section */

/* Begin PBXResourcesBuildPhase section */
		03FE9079216602B5006B9099 /* Resources */ = {
			isa = PBXResourcesBuildPhase;
			buildActionMask = 2147483647;
			files = (
				03FE9089216602B6006B9099 /* LaunchScreen.storyboard in Resources */,
				03FE9086216602B6006B9099 /* Assets.xcassets in Resources */,
				03FE9084216602B5006B9099 /* Main.storyboard in Resources */,
			);
			runOnlyForDeploymentPostprocessing = 0;
		};
		03FE908D216602B6006B9099 /* Resources */ = {
			isa = PBXResourcesBuildPhase;
			buildActionMask = 2147483647;
			files = (
			);
			runOnlyForDeploymentPostprocessing = 0;
		};
/* End PBXResourcesBuildPhase section */

/* Begin PBXSourcesBuildPhase section */
		03FE9077216602B5006B9099 /* Sources */ = {
			isa = PBXSourcesBuildPhase;
			buildActionMask = 2147483647;
			files = (
				03FE9081216602B5006B9099 /* ViewController.swift in Sources */,
				03FE907F216602B5006B9099 /* AppDelegate.swift in Sources */,
			);
			runOnlyForDeploymentPostprocessing = 0;
		};
		03FE908B216602B6006B9099 /* Sources */ = {
			isa = PBXSourcesBuildPhase;
			buildActionMask = 2147483647;
			files = (
				03FE9094216602B6006B9099 /* LearnCloudUITests.swift in Sources */,
			);
			runOnlyForDeploymentPostprocessing = 0;
		};
/* End PBXSourcesBuildPhase section */

/* Begin PBXTargetDependency section */
		03FE9091216602B6006B9099 /* PBXTargetDependency */ = {
			isa = PBXTargetDependency;
			target = 03FE907A216602B5006B9099 /* LearnCloud */;
			targetProxy = 03FE9090216602B6006B9099 /* PBXContainerItemProxy */;
		};
/* End PBXTargetDependency section */

/* Begin PBXVariantGroup section */
		03FE9082216602B5006B9099 /* Main.storyboard */ = {
			isa = PBXVariantGroup;
			children = (
				03FE9083216602B5006B9099 /* Base */,
			);
			name = Main.storyboard;
			sourceTree = "<group>";
		};
		03FE9087216602B6006B9099 /* LaunchScreen.storyboard */ = {
			isa = PBXVariantGroup;
			children = (
				03FE9088216602B6006B9099 /* Base */,
			);
			name = LaunchScreen.storyboard;
			sourceTree = "<group>";
		};
/* End PBXVariantGroup section */

/* Begin XCBuildConfiguration section */
		03FE9096216602B6006B9099 /* Debug */ = {
			isa = XCBuildConfiguration;
			buildSettings = {
				ALWAYS_SEARCH_USER_PATHS = NO;
				CLANG_ANALYZER_NONNULL = YES;
				CLANG_ANALYZER_NUMBER_OBJECT_CONVERSION = YES_AGGRESSIVE;
				CLANG_CXX_LANGUAGE_STANDARD = "gnu++14";
				CLANG_CXX_LIBRARY = "libc++";
				CLANG_ENABLE_MODULES = YES;
				CLANG_ENABLE_OBJC_ARC = YES;
				CLANG_ENABLE_OBJC_WEAK = YES;
				CLANG_WARN_BLOCK_CAPTURE_AUTORELEASING = YES;
				CLANG_WARN_BOOL_CONVERSION = YES;
				CLANG_WARN_COMMA = YES;
				CLANG_WARN_CONSTANT_CONVERSION = YES;
				CLANG_WARN_DEPRECATED_OBJC_IMPLEMENTATIONS = YES;
				CLANG_WARN_DIRECT_OBJC_ISA_USAGE = YES_ERROR;
				CLANG_WARN_DOCUMENTATION_COMMENTS = YES;
				CLANG_WARN_EMPTY_BODY = YES;
				CLANG_WARN_ENUM_CONVERSION = YES;
				CLANG_WARN_INFINITE_RECURSION = YES;
				CLANG_WARN_INT_CONVERSION = YES;
				CLANG_WARN_NON_LITERAL_NULL_CONVERSION = YES;
				CLANG_WARN_OBJC_IMPLICIT_RETAIN_SELF = YES;
				CLANG_WARN_OBJC_LITERAL_CONVERSION = YES;
				CLANG_WARN_OBJC_ROOT_CLASS = YES_ERROR;
				CLANG_WARN_RANGE_LOOP_ANALYSIS = YES;
				CLANG_WARN_STRICT_PROTOTYPES = YES;
				CLANG_WARN_SUSPICIOUS_MOVE = YES;
				CLANG_WARN_UNGUARDED_AVAILABILITY = YES_AGGRESSIVE;
				CLANG_WARN_UNREACHABLE_CODE = YES;
				CLANG_WARN__DUPLICATE_METHOD_MATCH = YES;
				CODE_SIGN_IDENTITY = "iPhone Developer";
				COPY_PHASE_STRIP = NO;
				DEBUG_INFORMATION_FORMAT = dwarf;
				ENABLE_STRICT_OBJC_MSGSEND = YES;
				ENABLE_TESTABILITY = YES;
				GCC_C_LANGUAGE_STANDARD = gnu11;
				GCC_DYNAMIC_NO_PIC = NO;
				GCC_NO_COMMON_BLOCKS = YES;
				GCC_OPTIMIZATION_LEVEL = 0;
				GCC_PREPROCESSOR_DEFINITIONS = (
					"DEBUG=1",
					"$(inherited)",
				);
				GCC_WARN_64_TO_32_BIT_CONVERSION = YES;
				GCC_WARN_ABOUT_RETURN_TYPE = YES_ERROR;
				GCC_WARN_UNDECLARED_SELECTOR = YES;
				GCC_WARN_UNINITIALIZED_AUTOS = YES_AGGRESSIVE;
				GCC_WARN_UNUSED_FUNCTION = YES;
				GCC_WARN_UNUSED_VARIABLE = YES;
				IPHONEOS_DEPLOYMENT_TARGET = 11.4;
				MTL_ENABLE_DEBUG_INFO = YES;
				ONLY_ACTIVE_ARCH = YES;
				SDKROOT = iphoneos;
				SWIFT_ACTIVE_COMPILATION_CONDITIONS = DEBUG;
				SWIFT_OPTIMIZATION_LEVEL = "-Onone";
			};
			name = Debug;
		};
		03FE9097216602B6006B9099 /* Release */ = {
			isa = XCBuildConfiguration;
			buildSettings = {
				ALWAYS_SEARCH_USER_PATHS = NO;
				CLANG_ANALYZER_NONNULL = YES;
				CLANG_ANALYZER_NUMBER_OBJECT_CONVERSION = YES_AGGRESSIVE;
				CLANG_CXX_LANGUAGE_STANDARD = "gnu++14";
				CLANG_CXX_LIBRARY = "libc++";
				CLANG_ENABLE_MODULES = YES;
				CLANG_ENABLE_OBJC_ARC = YES;
				CLANG_ENABLE_OBJC_WEAK = YES;
				CLANG_WARN_BLOCK_CAPTURE_AUTORELEASING = YES;
				CLANG_WARN_BOOL_CONVERSION = YES;
				CLANG_WARN_COMMA = YES;
				CLANG_WARN_CONSTANT_CONVERSION = YES;
				CLANG_WARN_DEPRECATED_OBJC_IMPLEMENTATIONS = YES;
				CLANG_WARN_DIRECT_OBJC_ISA_USAGE = YES_ERROR;
				CLANG_WARN_DOCUMENTATION_COMMENTS = YES;
				CLANG_WARN_EMPTY_BODY = YES;
				CLANG_WARN_ENUM_CONVERSION = YES;
				CLANG_WARN_INFINITE_RECURSION = YES;
				CLANG_WARN_INT_CONVERSION = YES;
				CLANG_WARN_NON_LITERAL_NULL_CONVERSION = YES;
				CLANG_WARN_OBJC_IMPLICIT_RETAIN_SELF = YES;
				CLANG_WARN_OBJC_LITERAL_CONVERSION = YES;
				CLANG_WARN_OBJC_ROOT_CLASS = YES_ERROR;
				CLANG_WARN_RANGE_LOOP_ANALYSIS = YES;
				CLANG_WARN_STRICT_PROTOTYPES = YES;
				CLANG_WARN_SUSPICIOUS_MOVE = YES;
				CLANG_WARN_UNGUARDED_AVAILABILITY = YES_AGGRESSIVE;
				CLANG_WARN_UNREACHABLE_CODE = YES;
				CLANG_WARN__DUPLICATE_METHOD_MATCH = YES;
				CODE_SIGN_IDENTITY = "iPhone Developer";
				COPY_PHASE_STRIP = NO;
				DEBUG_INFORMATION_FORMAT = "dwarf-with-dsym";
				ENABLE_NS_ASSERTIONS = NO;
				ENABLE_STRICT_OBJC_MSGSEND = YES;
				GCC_C_LANGUAGE_STANDARD = gnu11;
				GCC_NO_COMMON_BLOCKS = YES;
				GCC_WARN_64_TO_32_BIT_CONVERSION = YES;
				GCC_WARN_ABOUT_RETURN_TYPE = YES_ERROR;
				GCC_WARN_UNDECLARED_SELECTOR = YES;
				GCC_WARN_UNINITIALIZED_AUTOS = YES_AGGRESSIVE;
				GCC_WARN_UNUSED_FUNCTION = YES;
				GCC_WARN_UNUSED_VARIABLE = YES;
				IPHONEOS_DEPLOYMENT_TARGET = 11.4;
				MTL_ENABLE_DEBUG_INFO = NO;
				SDKROOT = iphoneos;
				SWIFT_COMPILATION_MODE = wholemodule;
				SWIFT_OPTIMIZATION_LEVEL = "-O";
				VALIDATE_PRODUCT = YES;
			};
			name = Release;
		};
		03FE9099216602B6006B9099 /* Debug */ = {
			isa = XCBuildConfiguration;
			buildSettings = {
				ASSETCATALOG_COMPILER_APPICON_NAME = AppIcon;
				CODE_SIGN_STYLE = Automatic;
				INFOPLIST_FILE = LearnCloud/Info.plist;
				LD_RUNPATH_SEARCH_PATHS = (
					"$(inherited)",
					"@executable_path/Frameworks",
				);
				PRODUCT_BUNDLE_IDENTIFIER = io.github.viktorasl.LearnCloud;
				PRODUCT_NAME = "$(TARGET_NAME)";
				SWIFT_VERSION = 4.0;
				TARGETED_DEVICE_FAMILY = "1,2";
			};
			name = Debug;
		};
		03FE909A216602B6006B9099 /* Release */ = {
			isa = XCBuildConfiguration;
			buildSettings = {
				ASSETCATALOG_COMPILER_APPICON_NAME = AppIcon;
				CODE_SIGN_STYLE = Automatic;
				INFOPLIST_FILE = LearnCloud/Info.plist;
				LD_RUNPATH_SEARCH_PATHS = (
					"$(inherited)",
					"@executable_path/Frameworks",
				);
				PRODUCT_BUNDLE_IDENTIFIER = io.github.viktorasl.LearnCloud;
				PRODUCT_NAME = "$(TARGET_NAME)";
				SWIFT_VERSION = 4.0;
				TARGETED_DEVICE_FAMILY = "1,2";
			};
			name = Release;
		};
		03FE909C216602B6006B9099 /* Debug */ = {
			isa = XCBuildConfiguration;
			buildSettings = {
				ALWAYS_EMBED_SWIFT_STANDARD_LIBRARIES = YES;
				CODE_SIGN_STYLE = Automatic;
				INFOPLIST_FILE = LearnCloudUITests/Info.plist;
				LD_RUNPATH_SEARCH_PATHS = (
					"$(inherited)",
					"@executable_path/Frameworks",
					"@loader_path/Frameworks",
				);
				PRODUCT_BUNDLE_IDENTIFIER = io.github.viktorasl.LearnCloudUITests;
				PRODUCT_NAME = "$(TARGET_NAME)";
				SWIFT_VERSION = 4.0;
				TARGETED_DEVICE_FAMILY = "1,2";
				TEST_TARGET_NAME = LearnCloud;
			};
			name = Debug;
		};
		03FE909D216602B6006B9099 /* Release */ = {
			isa = XCBuildConfiguration;
			buildSettings = {
				ALWAYS_EMBED_SWIFT_STANDARD_LIBRARIES = YES;
				CODE_SIGN_STYLE = Automatic;
				INFOPLIST_FILE = LearnCloudUITests/Info.plist;
				LD_RUNPATH_SEARCH_PATHS = (
					"$(inherited)",
					"@executable_path/Frameworks",
					"@loader_path/Frameworks",
				);
				PRODUCT_BUNDLE_IDENTIFIER = io.github.viktorasl.LearnCloudUITests;
				PRODUCT_NAME = "$(TARGET_NAME)";
				SWIFT_VERSION = 4.0;
				TARGETED_DEVICE_FAMILY = "1,2";
				TEST_TARGET_NAME = LearnCloud;
			};
			name = Release;
		};
/* End XCBuildConfiguration section */

/* Begin XCConfigurationList section */
		03FE9076216602B5006B9099 /* Build configuration list for PBXProject "LearnCloud" */ = {
			isa = XCConfigurationList;
			buildConfigurations = (
				03FE9096216602B6006B9099 /* Debug */,
				03FE9097216602B6006B9099 /* Release */,
			);
			defaultConfigurationIsVisible = 0;
			defaultConfigurationName = Release;
		};
		03FE9098216602B6006B9099 /* Build configuration list for PBXNativeTarget "LearnCloud" */ = {
			isa = XCConfigurationList;
			buildConfigurations = (
				03FE9099216602B6006B9099 /* Debug */,
				03FE909A216602B6006B9099 /* Release */,
			);
			defaultConfigurationIsVisible = 0;
			defaultConfigurationName = Release;
		};
		03FE909B216602B6006B9099 /* Build configuration list for PBXNativeTarget "LearnCloudUITests" */ = {
			isa = XCConfigurationList;
			buildConfigurations = (
				03FE909C216602B6006B9099 /* Debug */,
				03FE909D216602B6006B9099 /* Release */,
			);
			defaultConfigurationIsVisible = 0;
			defaultConfigurationName = Release;
		};
/* End XCConfigurationList section */
	};
	rootObject = 03FE9073216602B5006B9099 /* Project object */;
}
